
Microsoft Visual Studio Solution File, Format Version 12.00
# Visual Studio Version 17
VisualStudioVersion = 17.4.33006.217
MinimumVisualStudioVersion = 10.0.40219.1
Project("{FAE04EC0-301F-11D3-BF4B-00C04F79EFBC}") = "AspNetCoreIdentityApp.Web", "AspNetCoreIdentityApp.Web\AspNetCoreIdentityApp.Web.csproj", "{349ACF7B-0E8F-4204-8700-D8CD4E90CEBB}"
EndProject
Global
	GlobalSection(SolutionConfigurationPlatforms) = preSolution
		Debug|Any CPU = Debug|Any CPU
		Release|Any CPU = Release|Any CPU
	EndGlobalSection
	GlobalSection(ProjectConfigurationPlatforms) = postSolution
		{349ACF7B-0E8F-4204-8700-D8CD4E90CEBB}.Debug|Any CPU.ActiveCfg = Debug|Any CPU
		{349ACF7B-0E8F-4204-8700-D8CD4E90CEBB}.Debug|Any CPU.Build.0 = Debug|Any CPU
		{349ACF7B-0E8F-4204-8700-D8CD4E90CEBB}.Release|Any CPU.ActiveCfg = Release|Any CPU
		{349ACF7B-0E8F-4204-8700-D8CD4E90CEBB}.Release|Any CPU.Build.0 = Release|Any CPU
	EndGlobalSection
	GlobalSection(SolutionProperties) = preSolution
		HideSolutionNode = FALSE
	EndGlobalSection
	GlobalSection(ExtensibilityGlobals) = postSolution
		SolutionGuid = {0885451C-3B9F-4470-8C3F-3D7345FA4353}
	EndGlobalSection
EndGlobal
